{
  "name": "rule-engine-modi",
  "version": "0.0.1",
  "lockfileVersion": 1,
  "requires": true,
  "dependencies": {
    "@bergos/jsonparse": {
      "version": "1.4.1",
      "resolved": "https://registry.npmjs.org/@bergos/jsonparse/-/jsonparse-1.4.1.tgz",
      "integrity": "sha512-vXIT0nzZGX/+yMD5bx2VhTzc92H55tPoehh1BW/FZHOndWGFddrH3MAfdx39FRc7irABirW6EQaGxIJYV6CGuA==",
      "requires": {
        "buffer": "^6.0.3"
      }
    },
    "@rdfjs/data-model": {
      "version": "1.1.2",
      "resolved": "https://registry.npmjs.org/@rdfjs/data-model/-/data-model-1.1.2.tgz",
      "integrity": "sha512-pk/G/JLYGaXesoBLvEmoC/ic0H3B79fTyS0Ujjh5YQB2DZW+mn05ZowFFv88rjB9jf7c1XE5XSmf8jzn6U0HHA==",
      "requires": {
        "@types/rdf-js": "^2.0.1"
      }
    },
    "@rdfjs/types": {
      "version": "1.1.0",
      "resolved": "https://registry.npmjs.org/@rdfjs/types/-/types-1.1.0.tgz",
      "integrity": "sha512-5zm8bN2/CC634dTcn/0AhTRLaQRjXDZs3QfcAsQKNturHT7XVWcKy/8p3P5gXl+YkZTAmy7T5M/LyiT/jbkENw==",
      "requires": {
        "@types/node": "*"
      }
    },
    "@types/http-link-header": {
      "version": "1.0.3",
      "resolved": "https://registry.npmjs.org/@types/http-link-header/-/http-link-header-1.0.3.tgz",
      "integrity": "sha512-y8HkoD/vyid+5MrJ3aas0FvU3/BVBGcyG9kgxL0Zn4JwstA8CglFPnrR0RuzOjRCXwqzL5uxWC2IO7Ub0rMU2A==",
      "requires": {
        "@types/node": "*"
      }
    },
    "@types/node": {
      "version": "13.7.0",
      "resolved": "https://registry.npmjs.org/@types/node/-/node-13.7.0.tgz",
      "integrity": "sha512-GnZbirvmqZUzMgkFn70c74OQpTTUcCzlhQliTzYjQMqg+hVKcDnxdL19Ne3UdYzdMA/+W3eb646FWn/ZaT1NfQ=="
    },
    "@types/rdf-js": {
      "version": "2.0.11",
      "resolved": "https://registry.npmjs.org/@types/rdf-js/-/rdf-js-2.0.11.tgz",
      "integrity": "sha512-GC5MZU2HbL5JnlrLAzoxSqLprqtKwocz0TNVugqM04t1ZeeNFpZRqqBQc9Jhev35hEwdH84siRLaCesxHHYlmA==",
      "requires": {
        "@types/node": "*"
      }
    },
    "@types/readable-stream": {
      "version": "2.3.15",
      "resolved": "https://registry.npmjs.org/@types/readable-stream/-/readable-stream-2.3.15.tgz",
      "integrity": "sha512-oM5JSKQCcICF1wvGgmecmHldZ48OZamtMxcGGVICOJA8o8cahXC1zEVAif8iwoc5j8etxFaRFnf095+CDsuoFQ==",
      "requires": {
        "@types/node": "*",
        "safe-buffer": "~5.1.1"
      }
    },
    "abort-controller": {
      "version": "3.0.0",
      "resolved": "https://registry.npmjs.org/abort-controller/-/abort-controller-3.0.0.tgz",
      "integrity": "sha512-h8lQ8tacZYnR3vNQTgibj+tODHI5/+l06Au2Pcriv/Gmet0eaj4TwWH41sO9wnHDiQsEj19q0drzdWdeAHtweg==",
      "requires": {
        "event-target-shim": "^5.0.0"
      }
    },
    "base64-js": {
      "version": "1.5.1",
      "resolved": "https://registry.npmjs.org/base64-js/-/base64-js-1.5.1.tgz",
      "integrity": "sha512-AKpaYlHn8t4SVbOHCy+b5+KKgvR4vrsD8vbvrbiQJps7fKDTkjkDry6ji0rUJjC0kzbNePLwzxq8iypo41qeWA=="
    },
    "buffer": {
      "version": "6.0.3",
      "resolved": "https://registry.npmjs.org/buffer/-/buffer-6.0.3.tgz",
      "integrity": "sha512-FTiCpNxtwiZZHEZbcbTIcZjERVICn9yq/pDFkTl95/AxzD1naBctN7YO68riM/gLSDY7sdrMby8hofADYuuqOA==",
      "requires": {
        "base64-js": "^1.3.1",
        "ieee754": "^1.2.1"
      }
    },
    "canonicalize": {
      "version": "1.0.8",
      "resolved": "https://registry.npmjs.org/canonicalize/-/canonicalize-1.0.8.tgz",
      "integrity": "sha512-0CNTVCLZggSh7bc5VkX5WWPWO+cyZbNd07IHIsSXLia/eAq+r836hgk+8BKoEh7949Mda87VUOitx5OddVj64A=="
    },
    "commander": {
      "version": "4.1.1",
      "resolved": "https://registry.npmjs.org/commander/-/commander-4.1.1.tgz",
      "integrity": "sha512-NOKm8xhkzAjzFx8B2v5OAHT+u5pRQc2UCa2Vq9jYL/31o2wi9mxBA7LIFs3sV5VSC49z6pEhfbMULvShKj26WA=="
    },
    "cross-fetch": {
      "version": "3.1.5",
      "resolved": "https://registry.npmjs.org/cross-fetch/-/cross-fetch-3.1.5.tgz",
      "integrity": "sha512-lvb1SBsI0Z7GDwmuid+mU3kWVBwTVUbe7S0H52yaaAdQOXq2YktTCZdlAcNKFzE6QtRz0snpw9bNiPeOIkkQvw==",
      "requires": {
        "node-fetch": "2.6.7"
      }
    },
    "event-target-shim": {
      "version": "5.0.1",
      "resolved": "https://registry.npmjs.org/event-target-shim/-/event-target-shim-5.0.1.tgz",
      "integrity": "sha512-i/2XbnSz/uxRCU6+NdVJgKWDTM427+MqYbkQzD321DuCQJUqOuJKIA0IM2+W2xtYHdKOmZ4dR6fExsd4SXL+WQ=="
    },
    "events": {
      "version": "3.3.0",
      "resolved": "https://registry.npmjs.org/events/-/events-3.3.0.tgz",
      "integrity": "sha512-mQw+2fkQbALzQ7V0MY0IqdnXNOeTtP4r0lN9z7AAawCXgqea7bDii20AYrIBrFd/Hx0M2Ocz6S111CaFkUcb0Q=="
    },
    "http-link-header": {
      "version": "1.1.1",
      "resolved": "https://registry.npmjs.org/http-link-header/-/http-link-header-1.1.1.tgz",
      "integrity": "sha512-mW3N/rTYpCn99s1do0zx6nzFZSwLH9HGfUM4ZqLWJ16ylmYaC2v5eYGqrNTQlByx8AzUgGI+V/32gXPugs1+Sw=="
    },
    "ieee754": {
      "version": "1.2.1",
      "resolved": "https://registry.npmjs.org/ieee754/-/ieee754-1.2.1.tgz",
      "integrity": "sha512-dcyqhDvX1C46lXZcVqCpK+FtMRQVdIMN6/Df5js2zouUsqG7I6sFxitIC+7KYK29KdXOLHdu9zL4sFnoVQnqaA=="
    },
    "jsonld-context-parser": {
      "version": "2.3.0",
      "resolved": "https://registry.npmjs.org/jsonld-context-parser/-/jsonld-context-parser-2.3.0.tgz",
      "integrity": "sha512-c6w2GE57O26eWFjcPX6k6G86ootsIfpuVwhZKjCll0bVoDGBxr1P4OuU+yvgfnh1GJhAGErolfC7W1BklLjWMg==",
      "requires": {
        "@types/http-link-header": "^1.0.1",
        "@types/node": "^18.0.0",
        "canonicalize": "^1.0.1",
        "cross-fetch": "^3.0.6",
        "http-link-header": "^1.0.2",
        "relative-to-absolute-iri": "^1.0.5"
      },
      "dependencies": {
        "@types/node": {
          "version": "18.16.5",
          "resolved": "https://registry.npmjs.org/@types/node/-/node-18.16.5.tgz",
          "integrity": "sha512-seOA34WMo9KB+UA78qaJoCO20RJzZGVXQ5Sh6FWu0g/hfT44nKXnej3/tCQl7FL97idFpBhisLYCTB50S0EirA=="
        }
      }
    },
    "jsonld-streaming-parser": {
      "version": "3.2.0",
      "resolved": "https://registry.npmjs.org/jsonld-streaming-parser/-/jsonld-streaming-parser-3.2.0.tgz",
      "integrity": "sha512-lJR1SCT364PGpFrOQaY+ZQ7qDWqqiT3IMK+AvZ83fo0LvltFn8/UyXvIFc3RO7YcaEjLahAF0otCi8vOq21NtQ==",
      "requires": {
        "@bergos/jsonparse": "^1.4.0",
        "@rdfjs/types": "*",
        "@types/http-link-header": "^1.0.1",
        "@types/readable-stream": "^2.3.13",
        "buffer": "^6.0.3",
        "canonicalize": "^1.0.1",
        "http-link-header": "^1.0.2",
        "jsonld-context-parser": "^2.3.0",
        "rdf-data-factory": "^1.1.0",
        "readable-stream": "^4.0.0"
      }
    },
    "n3": {
      "version": "1.3.5",
      "resolved": "https://registry.npmjs.org/n3/-/n3-1.3.5.tgz",
      "integrity": "sha512-McWb1tCWGGAmHeGEakqZj/UqxQR9cpEYZ/JivBj59YfiOAuaIWZxu0B+jnhbCwCZ2AsxdgQ5Dq8fehIJpYQaMQ=="
    },
    "node-fetch": {
      "version": "2.6.7",
      "resolved": "https://registry.npmjs.org/node-fetch/-/node-fetch-2.6.7.tgz",
      "integrity": "sha512-ZjMPFEfVx5j+y2yF35Kzx5sF7kDzxuDj6ziH4FFbOp87zKDZNx8yExJIb05OGF4Nlt9IHFIMBkRl41VdvcNdbQ==",
      "requires": {
        "whatwg-url": "^5.0.0"
      }
    },
    "process": {
      "version": "0.11.10",
      "resolved": "https://registry.npmjs.org/process/-/process-0.11.10.tgz",
      "integrity": "sha512-cdGef/drWFoydD1JsMzuFf8100nZl+GT+yacc2bEced5f9Rjk4z+WtFUTBu9PhOi9j/jfmBPu0mMEY4wIdAF8A=="
    },
    "rdf-data-factory": {
      "version": "1.1.1",
      "resolved": "https://registry.npmjs.org/rdf-data-factory/-/rdf-data-factory-1.1.1.tgz",
      "integrity": "sha512-0HoLx7lbBlNd2YTmNKin0txgiYmAV56eVU823at8cG2+iD0Ia5kcRNDpzZy6I/HCtFTymHvTfdhHTzm3ak3Jpw==",
      "requires": {
        "@rdfjs/types": "*"
      }
    },
    "rdf-store-stream": {
      "version": "1.0.0",
      "resolved": "https://registry.npmjs.org/rdf-store-stream/-/rdf-store-stream-1.0.0.tgz",
      "integrity": "sha512-OvGDeqc2GYpmbNdWL69b8BDWZ8I8sb/7haG4yRqwsd43cidS5l6civ5OVzFrHjwnSpZ9kEj++eXqwonivnCWBQ==",
      "requires": {
        "@types/rdf-js": "^2.0.1",
        "n3": "^1.1.1"
      }
    },
    "readable-stream": {
      "version": "4.3.0",
      "resolved": "https://registry.npmjs.org/readable-stream/-/readable-stream-4.3.0.tgz",
      "integrity": "sha512-MuEnA0lbSi7JS8XM+WNJlWZkHAAdm7gETHdFK//Q/mChGyj2akEFtdLZh32jSdkWGbRwCW9pn6g3LWDdDeZnBQ==",
      "requires": {
        "abort-controller": "^3.0.0",
        "buffer": "^6.0.3",
        "events": "^3.3.0",
        "process": "^0.11.10"
      }
    },
    "relative-to-absolute-iri": {
      "version": "1.0.7",
      "resolved": "https://registry.npmjs.org/relative-to-absolute-iri/-/relative-to-absolute-iri-1.0.7.tgz",
      "integrity": "sha512-Xjyl4HmIzg2jzK/Un2gELqbcE8Fxy85A/aLSHE6PE/3+OGsFwmKVA1vRyGaz6vLWSqLDMHA+5rjD/xbibSQN1Q=="
    },
    "safe-buffer": {
      "version": "5.1.2",
      "resolved": "https://registry.npmjs.org/safe-buffer/-/safe-buffer-5.1.2.tgz",
      "integrity": "sha512-Gd2UZBJDkXlY7GbJxfsE8/nvKkUEU1G38c1siN6QP6a9PT9MmHB8GnpscSmMJSoF8LOIrt8ud/wPtojys4G6+g=="
    },
    "tr46": {
      "version": "0.0.3",
      "resolved": "https://registry.npmjs.org/tr46/-/tr46-0.0.3.tgz",
      "integrity": "sha512-N3WMsuqV66lT30CrXNbEjx4GEwlow3v6rr4mCcv6prnfwhS01rkgyFdjPNBYd9br7LpXV1+Emh01fHnq2Gdgrw=="
    },
    "webidl-conversions": {
      "version": "3.0.1",
      "resolved": "https://registry.npmjs.org/webidl-conversions/-/webidl-conversions-3.0.1.tgz",
      "integrity": "sha512-2JAn3z8AR6rjK8Sm8orRC0h/bcl/DqL7tRPdGZ4I1CjdF+EaMLmYxBHyXuKL849eucPFhvBoxMsflfOb8kxaeQ=="
    },
    "whatwg-url": {
      "version": "5.0.0",
      "resolved": "https://registry.npmjs.org/whatwg-url/-/whatwg-url-5.0.0.tgz",
      "integrity": "sha512-saE57nupxk6v3HY35+jzBwYa0rKSy0XR8JSxZPwgLr7ys0IBzhGviA1/TUGJLmSVqs8pb9AnvICXEuOHLprYTw==",
      "requires": {
        "tr46": "~0.0.3",
        "webidl-conversions": "^3.0.0"
      }
    }
  }
}
